// !$*UTF8*$!
{
	archiveVersion = 1;
	classes = {
	};
	objectVersion = 56;
	objects = {

/* Begin PBXBuildFile section */
		8F102D6D290B080500C97744 /* CicloMenstrualView.swift in Sources */ = {isa = PBXBuildFile; fileRef = 8F102D6C290B080500C97744 /* CicloMenstrualView.swift */; };
		8F102D6F290B260E00C97744 /* DayCounterView.swift in Sources */ = {isa = PBXBuildFile; fileRef = 8F102D6E290B260E00C97744 /* DayCounterView.swift */; };
		8F5598CD2912EF66001A2C85 /* UtiView.swift in Sources */ = {isa = PBXBuildFile; fileRef = 8F5598CC2912EF66001A2C85 /* UtiView.swift */; };
		8F77EACF290854F100BAB11A /* UtinhoApp.swift in Sources */ = {isa = PBXBuildFile; fileRef = 8F77EACE290854F100BAB11A /* UtinhoApp.swift */; };
		8F77EAD1290854F100BAB11A /* ContentView.swift in Sources */ = {isa = PBXBuildFile; fileRef = 8F77EAD0290854F100BAB11A /* ContentView.swift */; };
		8F77EAD3290854F200BAB11A /* Assets.xcassets in Resources */ = {isa = PBXBuildFile; fileRef = 8F77EAD2290854F200BAB11A /* Assets.xcassets */; };
		8F77EAD6290854F200BAB11A /* Preview Assets.xcassets in Resources */ = {isa = PBXBuildFile; fileRef = 8F77EAD5290854F200BAB11A /* Preview Assets.xcassets */; };
		948BEEE4290A3F35009FA582 /* HorizontalProgressBar.swift in Sources */ = {isa = PBXBuildFile; fileRef = 948BEEE3290A3F35009FA582 /* HorizontalProgressBar.swift */; };
		948BEEE6290C7553009FA582 /* KitSobrevivenciaView.swift in Sources */ = {isa = PBXBuildFile; fileRef = 948BEEE5290C7553009FA582 /* KitSobrevivenciaView.swift */; };
		948BEEE8290CB306009FA582 /* ItemKit.swift in Sources */ = {isa = PBXBuildFile; fileRef = 948BEEE7290CB306009FA582 /* ItemKit.swift */; };
		94B9EFCD2910897F001E4CCC /* ButtonKitSelect.swift in Sources */ = {isa = PBXBuildFile; fileRef = 94B9EFCC2910897F001E4CCC /* ButtonKitSelect.swift */; };
		94B9EFCF2911BE40001E4CCC /* HorizontalBar.swift in Sources */ = {isa = PBXBuildFile; fileRef = 94B9EFCE2911BE40001E4CCC /* HorizontalBar.swift */; };
		94BE3521290DCB580019B338 /* ContadorItens.swift in Sources */ = {isa = PBXBuildFile; fileRef = 94BE3520290DCB580019B338 /* ContadorItens.swift */; };
/* End PBXBuildFile section */

/* Begin PBXFileReference section */
		8F102D6C290B080500C97744 /* CicloMenstrualView.swift */ = {isa = PBXFileReference; lastKnownFileType = sourcecode.swift; path = CicloMenstrualView.swift; sourceTree = "<group>"; };
		8F102D6E290B260E00C97744 /* DayCounterView.swift */ = {isa = PBXFileReference; lastKnownFileType = sourcecode.swift; path = DayCounterView.swift; sourceTree = "<group>"; };
		8F5598CC2912EF66001A2C85 /* UtiView.swift */ = {isa = PBXFileReference; lastKnownFileType = sourcecode.swift; path = UtiView.swift; sourceTree = "<group>"; };
		8F77EACB290854F100BAB11A /* Utinho.app */ = {isa = PBXFileReference; explicitFileType = wrapper.application; includeInIndex = 0; path = Utinho.app; sourceTree = BUILT_PRODUCTS_DIR; };
		8F77EACE290854F100BAB11A /* UtinhoApp.swift */ = {isa = PBXFileReference; lastKnownFileType = sourcecode.swift; path = UtinhoApp.swift; sourceTree = "<group>"; };
		8F77EAD0290854F100BAB11A /* ContentView.swift */ = {isa = PBXFileReference; lastKnownFileType = sourcecode.swift; path = ContentView.swift; sourceTree = "<group>"; };
		8F77EAD2290854F200BAB11A /* Assets.xcassets */ = {isa = PBXFileReference; lastKnownFileType = folder.assetcatalog; path = Assets.xcassets; sourceTree = "<group>"; };
		8F77EAD5290854F200BAB11A /* Preview Assets.xcassets */ = {isa = PBXFileReference; lastKnownFileType = folder.assetcatalog; path = "Preview Assets.xcassets"; sourceTree = "<group>"; };
		948BEEE3290A3F35009FA582 /* HorizontalProgressBar.swift */ = {isa = PBXFileReference; lastKnownFileType = sourcecode.swift; path = HorizontalProgressBar.swift; sourceTree = "<group>"; };
		948BEEE5290C7553009FA582 /* KitSobrevivenciaView.swift */ = {isa = PBXFileReference; lastKnownFileType = sourcecode.swift; path = KitSobrevivenciaView.swift; sourceTree = "<group>"; };
		948BEEE7290CB306009FA582 /* ItemKit.swift */ = {isa = PBXFileReference; lastKnownFileType = sourcecode.swift; path = ItemKit.swift; sourceTree = "<group>"; };
		94B9EFCC2910897F001E4CCC /* ButtonKitSelect.swift */ = {isa = PBXFileReference; lastKnownFileType = sourcecode.swift; path = ButtonKitSelect.swift; sourceTree = "<group>"; };
		94B9EFCE2911BE40001E4CCC /* HorizontalBar.swift */ = {isa = PBXFileReference; lastKnownFileType = sourcecode.swift; path = HorizontalBar.swift; sourceTree = "<group>"; };
		94BE3520290DCB580019B338 /* ContadorItens.swift */ = {isa = PBXFileReference; lastKnownFileType = sourcecode.swift; path = ContadorItens.swift; sourceTree = "<group>"; };
/* End PBXFileReference section */

/* Begin PBXFrameworksBuildPhase section */
		8F77EAC8290854F100BAB11A /* Frameworks */ = {
			isa = PBXFrameworksBuildPhase;
			buildActionMask = 2147483647;
			files = (
			);
			runOnlyForDeploymentPostprocessing = 0;
		};
/* End PBXFrameworksBuildPhase section */

/* Begin PBXGroup section */
		8F77EAC2290854F100BAB11A = {
			isa = PBXGroup;
			children = (
				8F77EACD290854F100BAB11A /* Utinho */,
				8F77EACC290854F100BAB11A /* Products */,
			);
			sourceTree = "<group>";
		};
		8F77EACC290854F100BAB11A /* Products */ = {
			isa = PBXGroup;
			children = (
				8F77EACB290854F100BAB11A /* Utinho.app */,
			);
			name = Products;
			sourceTree = "<group>";
		};
		8F77EACD290854F100BAB11A /* Utinho */ = {
			isa = PBXGroup;
			children = (
				8F77EACE290854F100BAB11A /* UtinhoApp.swift */,
				8F77EAD0290854F100BAB11A /* ContentView.swift */,
				948BEEE5290C7553009FA582 /* KitSobrevivenciaView.swift */,
				948BEEE7290CB306009FA582 /* ItemKit.swift */,
				94BE3520290DCB580019B338 /* ContadorItens.swift */,
				94B9EFCC2910897F001E4CCC /* ButtonKitSelect.swift */,
				948BEEE3290A3F35009FA582 /* HorizontalProgressBar.swift */,
				94B9EFCE2911BE40001E4CCC /* HorizontalBar.swift */,
				8F102D6C290B080500C97744 /* CicloMenstrualView.swift */,
				8F102D6E290B260E00C97744 /* DayCounterView.swift */,
				8F5598CC2912EF66001A2C85 /* UtiView.swift */,
				8F77EAD2290854F200BAB11A /* Assets.xcassets */,
				8F77EAD4290854F200BAB11A /* Preview Content */,
			);
			path = Utinho;
			sourceTree = "<group>";
		};
		8F77EAD4290854F200BAB11A /* Preview Content */ = {
			isa = PBXGroup;
			children = (
				8F77EAD5290854F200BAB11A /* Preview Assets.xcassets */,
			);
			path = "Preview Content";
			sourceTree = "<group>";
		};
/* End PBXGroup section */

/* Begin PBXNativeTarget section */
		8F77EACA290854F100BAB11A /* Utinho */ = {
			isa = PBXNativeTarget;
			buildConfigurationList = 8F77EAD9290854F200BAB11A /* Build configuration list for PBXNativeTarget "Utinho" */;
			buildPhases = (
				8F77EAC7290854F100BAB11A /* Sources */,
				8F77EAC8290854F100BAB11A /* Frameworks */,
				8F77EAC9290854F100BAB11A /* Resources */,
			);
			buildRules = (
			);
			dependencies = (
			);
			name = Utinho;
			productName = Utinho;
			productReference = 8F77EACB290854F100BAB11A /* Utinho.app */;
			productType = "com.apple.product-type.application";
		};
/* End PBXNativeTarget section */

/* Begin PBXProject section */
		8F77EAC3290854F100BAB11A /* Project object */ = {
			isa = PBXProject;
			attributes = {
				BuildIndependentTargetsInParallel = 1;
				LastSwiftUpdateCheck = 1400;
				LastUpgradeCheck = 1400;
				TargetAttributes = {
					8F77EACA290854F100BAB11A = {
						CreatedOnToolsVersion = 14.0.1;
					};
				};
			};
			buildConfigurationList = 8F77EAC6290854F100BAB11A /* Build configuration list for PBXProject "Utinho" */;
			compatibilityVersion = "Xcode 14.0";
			developmentRegion = en;
			hasScannedForEncodings = 0;
			knownRegions = (
				en,
				Base,
			);
			mainGroup = 8F77EAC2290854F100BAB11A;
			productRefGroup = 8F77EACC290854F100BAB11A /* Products */;
			projectDirPath = "";
			projectRoot = "";
			targets = (
				8F77EACA290854F100BAB11A /* Utinho */,
			);
		};
/* End PBXProject section */

/* Begin PBXResourcesBuildPhase section */
		8F77EAC9290854F100BAB11A /* Resources */ = {
			isa = PBXResourcesBuildPhase;
			buildActionMask = 2147483647;
			files = (
				8F77EAD6290854F200BAB11A /* Preview Assets.xcassets in Resources */,
				8F77EAD3290854F200BAB11A /* Assets.xcassets in Resources */,
			);
			runOnlyForDeploymentPostprocessing = 0;
		};
/* End PBXResourcesBuildPhase section */

/* Begin PBXSourcesBuildPhase section */
		8F77EAC7290854F100BAB11A /* Sources */ = {
			isa = PBXSourcesBuildPhase;
			buildActionMask = 2147483647;
			files = (
				948BEEE8290CB306009FA582 /* ItemKit.swift in Sources */,
				94BE3521290DCB580019B338 /* ContadorItens.swift in Sources */,
				948BEEE6290C7553009FA582 /* KitSobrevivenciaView.swift in Sources */,
				948BEEE4290A3F35009FA582 /* HorizontalProgressBar.swift in Sources */,
				8F77EAD1290854F100BAB11A /* ContentView.swift in Sources */,
				8F5598CD2912EF66001A2C85 /* UtiView.swift in Sources */,
				94B9EFCD2910897F001E4CCC /* ButtonKitSelect.swift in Sources */,
				8F102D6F290B260E00C97744 /* DayCounterView.swift in Sources */,
				94B9EFCF2911BE40001E4CCC /* HorizontalBar.swift in Sources */,
				8F77EACF290854F100BAB11A /* UtinhoApp.swift in Sources */,
				8F102D6D290B080500C97744 /* CicloMenstrualView.swift in Sources */,
			);
			runOnlyForDeploymentPostprocessing = 0;
		};
/* End PBXSourcesBuildPhase section */

/* Begin XCBuildConfiguration section */
		8F77EAD7290854F200BAB11A /* Debug */ = {
			isa = XCBuildConfiguration;
			buildSettings = {
				ALWAYS_SEARCH_USER_PATHS = NO;
				CLANG_ANALYZER_NONNULL = YES;
				CLANG_ANALYZER_NUMBER_OBJECT_CONVERSION = YES_AGGRESSIVE;
				CLANG_CXX_LANGUAGE_STANDARD = "gnu++20";
				CLANG_ENABLE_MODULES = YES;
				CLANG_ENABLE_OBJC_ARC = YES;
				CLANG_ENABLE_OBJC_WEAK = YES;
				CLANG_WARN_BLOCK_CAPTURE_AUTORELEASING = YES;
				CLANG_WARN_BOOL_CONVERSION = YES;
				CLANG_WARN_COMMA = YES;
				CLANG_WARN_CONSTANT_CONVERSION = YES;
				CLANG_WARN_DEPRECATED_OBJC_IMPLEMENTATIONS = YES;
				CLANG_WARN_DIRECT_OBJC_ISA_USAGE = YES_ERROR;
				CLANG_WARN_DOCUMENTATION_COMMENTS = YES;
				CLANG_WARN_EMPTY_BODY = YES;
				CLANG_WARN_ENUM_CONVERSION = YES;
				CLANG_WARN_INFINITE_RECURSION = YES;
				CLANG_WARN_INT_CONVERSION = YES;
				CLANG_WARN_NON_LITERAL_NULL_CONVERSION = YES;
				CLANG_WARN_OBJC_IMPLICIT_RETAIN_SELF = YES;
				CLANG_WARN_OBJC_LITERAL_CONVERSION = YES;
				CLANG_WARN_OBJC_ROOT_CLASS = YES_ERROR;
				CLANG_WARN_QUOTED_INCLUDE_IN_FRAMEWORK_HEADER = YES;
				CLANG_WARN_RANGE_LOOP_ANALYSIS = YES;
				CLANG_WARN_STRICT_PROTOTYPES = YES;
				CLANG_WARN_SUSPICIOUS_MOVE = YES;
				CLANG_WARN_UNGUARDED_AVAILABILITY = YES_AGGRESSIVE;
				CLANG_WARN_UNREACHABLE_CODE = YES;
				CLANG_WARN__DUPLICATE_METHOD_MATCH = YES;
				COPY_PHASE_STRIP = NO;
				DEBUG_INFORMATION_FORMAT = dwarf;
				ENABLE_STRICT_OBJC_MSGSEND = YES;
				ENABLE_TESTABILITY = YES;
				GCC_C_LANGUAGE_STANDARD = gnu11;
				GCC_DYNAMIC_NO_PIC = NO;
				GCC_NO_COMMON_BLOCKS = YES;
				GCC_OPTIMIZATION_LEVEL = 0;
				GCC_PREPROCESSOR_DEFINITIONS = (
					"DEBUG=1",
					"$(inherited)",
				);
				GCC_WARN_64_TO_32_BIT_CONVERSION = YES;
				GCC_WARN_ABOUT_RETURN_TYPE = YES_ERROR;
				GCC_WARN_UNDECLARED_SELECTOR = YES;
				GCC_WARN_UNINITIALIZED_AUTOS = YES_AGGRESSIVE;
				GCC_WARN_UNUSED_FUNCTION = YES;
				GCC_WARN_UNUSED_VARIABLE = YES;
				IPHONEOS_DEPLOYMENT_TARGET = 16.0;
				MTL_ENABLE_DEBUG_INFO = INCLUDE_SOURCE;
				MTL_FAST_MATH = YES;
				ONLY_ACTIVE_ARCH = YES;
				SDKROOT = iphoneos;
				SWIFT_ACTIVE_COMPILATION_CONDITIONS = DEBUG;
				SWIFT_OPTIMIZATION_LEVEL = "-Onone";
			};
			name = Debug;
		};
		8F77EAD8290854F200BAB11A /* Release */ = {
			isa = XCBuildConfiguration;
			buildSettings = {
				ALWAYS_SEARCH_USER_PATHS = NO;
				CLANG_ANALYZER_NONNULL = YES;
				CLANG_ANALYZER_NUMBER_OBJECT_CONVERSION = YES_AGGRESSIVE;
				CLANG_CXX_LANGUAGE_STANDARD = "gnu++20";
				CLANG_ENABLE_MODULES = YES;
				CLANG_ENABLE_OBJC_ARC = YES;
				CLANG_ENABLE_OBJC_WEAK = YES;
				CLANG_WARN_BLOCK_CAPTURE_AUTORELEASING = YES;
				CLANG_WARN_BOOL_CONVERSION = YES;
				CLANG_WARN_COMMA = YES;
				CLANG_WARN_CONSTANT_CONVERSION = YES;
				CLANG_WARN_DEPRECATED_OBJC_IMPLEMENTATIONS = YES;
				CLANG_WARN_DIRECT_OBJC_ISA_USAGE = YES_ERROR;
				CLANG_WARN_DOCUMENTATION_COMMENTS = YES;
				CLANG_WARN_EMPTY_BODY = YES;
				CLANG_WARN_ENUM_CONVERSION = YES;
				CLANG_WARN_INFINITE_RECURSION = YES;
				CLANG_WARN_INT_CONVERSION = YES;
				CLANG_WARN_NON_LITERAL_NULL_CONVERSION = YES;
				CLANG_WARN_OBJC_IMPLICIT_RETAIN_SELF = YES;
				CLANG_WARN_OBJC_LITERAL_CONVERSION = YES;
				CLANG_WARN_OBJC_ROOT_CLASS = YES_ERROR;
				CLANG_WARN_QUOTED_INCLUDE_IN_FRAMEWORK_HEADER = YES;
				CLANG_WARN_RANGE_LOOP_ANALYSIS = YES;
				CLANG_WARN_STRICT_PROTOTYPES = YES;
				CLANG_WARN_SUSPICIOUS_MOVE = YES;
				CLANG_WARN_UNGUARDED_AVAILABILITY = YES_AGGRESSIVE;
				CLANG_WARN_UNREACHABLE_CODE = YES;
				CLANG_WARN__DUPLICATE_METHOD_MATCH = YES;
				COPY_PHASE_STRIP = NO;
				DEBUG_INFORMATION_FORMAT = "dwarf-with-dsym";
				ENABLE_NS_ASSERTIONS = NO;
				ENABLE_STRICT_OBJC_MSGSEND = YES;
				GCC_C_LANGUAGE_STANDARD = gnu11;
				GCC_NO_COMMON_BLOCKS = YES;
				GCC_WARN_64_TO_32_BIT_CONVERSION = YES;
				GCC_WARN_ABOUT_RETURN_TYPE = YES_ERROR;
				GCC_WARN_UNDECLARED_SELECTOR = YES;
				GCC_WARN_UNINITIALIZED_AUTOS = YES_AGGRESSIVE;
				GCC_WARN_UNUSED_FUNCTION = YES;
				GCC_WARN_UNUSED_VARIABLE = YES;
				IPHONEOS_DEPLOYMENT_TARGET = 16.0;
				MTL_ENABLE_DEBUG_INFO = NO;
				MTL_FAST_MATH = YES;
				SDKROOT = iphoneos;
				SWIFT_COMPILATION_MODE = wholemodule;
				SWIFT_OPTIMIZATION_LEVEL = "-O";
				VALIDATE_PRODUCT = YES;
			};
			name = Release;
		};
		8F77EADA290854F200BAB11A /* Debug */ = {
			isa = XCBuildConfiguration;
			buildSettings = {
				ASSETCATALOG_COMPILER_APPICON_NAME = AppIcon;
				ASSETCATALOG_COMPILER_GLOBAL_ACCENT_COLOR_NAME = AccentColor;
				CODE_SIGN_STYLE = Automatic;
				CURRENT_PROJECT_VERSION = 1;
				DEVELOPMENT_ASSET_PATHS = "\"Utinho/Preview Content\"";
				DEVELOPMENT_TEAM = 88BLQ7RZ9Q;
				ENABLE_PREVIEWS = YES;
				GENERATE_INFOPLIST_FILE = YES;
				INFOPLIST_KEY_UIApplicationSceneManifest_Generation = YES;
				INFOPLIST_KEY_UIApplicationSupportsIndirectInputEvents = YES;
				INFOPLIST_KEY_UILaunchScreen_Generation = YES;
				INFOPLIST_KEY_UISupportedInterfaceOrientations_iPad = "UIInterfaceOrientationPortrait UIInterfaceOrientationPortraitUpsideDown UIInterfaceOrientationLandscapeLeft UIInterfaceOrientationLandscapeRight";
				INFOPLIST_KEY_UISupportedInterfaceOrientations_iPhone = "UIInterfaceOrientationPortrait UIInterfaceOrientationLandscapeLeft UIInterfaceOrientationLandscapeRight";
				LD_RUNPATH_SEARCH_PATHS = (
					"$(inherited)",
					"@executable_path/Frameworks",
				);
				MARKETING_VERSION = 1.0;
				PRODUCT_BUNDLE_IDENTIFIER = br.ufpe.cin.academy.lss8.Utinho;
				PRODUCT_NAME = "$(TARGET_NAME)";
				SWIFT_EMIT_LOC_STRINGS = YES;
				SWIFT_VERSION = 5.0;
				TARGETED_DEVICE_FAMILY = "1,2";
			};
			name = Debug;
		};
		8F77EADB290854F200BAB11A /* Release */ = {
			isa = XCBuildConfiguration;
			buildSettings = {
				ASSETCATALOG_COMPILER_APPICON_NAME = AppIcon;
				ASSETCATALOG_COMPILER_GLOBAL_ACCENT_COLOR_NAME = AccentColor;
				CODE_SIGN_STYLE = Automatic;
				CURRENT_PROJECT_VERSION = 1;
				DEVELOPMENT_ASSET_PATHS = "\"Utinho/Preview Content\"";
				DEVELOPMENT_TEAM = 88BLQ7RZ9Q;
				ENABLE_PREVIEWS = YES;
				GENERATE_INFOPLIST_FILE = YES;
				INFOPLIST_KEY_UIApplicationSceneManifest_Generation = YES;
				INFOPLIST_KEY_UIApplicationSupportsIndirectInputEvents = YES;
				INFOPLIST_KEY_UILaunchScreen_Generation = YES;
				INFOPLIST_KEY_UISupportedInterfaceOrientations_iPad = "UIInterfaceOrientationPortrait UIInterfaceOrientationPortraitUpsideDown UIInterfaceOrientationLandscapeLeft UIInterfaceOrientationLandscapeRight";
				INFOPLIST_KEY_UISupportedInterfaceOrientations_iPhone = "UIInterfaceOrientationPortrait UIInterfaceOrientationLandscapeLeft UIInterfaceOrientationLandscapeRight";
				LD_RUNPATH_SEARCH_PATHS = (
					"$(inherited)",
					"@executable_path/Frameworks",
				);
				MARKETING_VERSION = 1.0;
				PRODUCT_BUNDLE_IDENTIFIER = br.ufpe.cin.academy.lss8.Utinho;
				PRODUCT_NAME = "$(TARGET_NAME)";
				SWIFT_EMIT_LOC_STRINGS = YES;
				SWIFT_VERSION = 5.0;
				TARGETED_DEVICE_FAMILY = "1,2";
			};
			name = Release;
		};
/* End XCBuildConfiguration section */

/* Begin XCConfigurationList section */
		8F77EAC6290854F100BAB11A /* Build configuration list for PBXProject "Utinho" */ = {
			isa = XCConfigurationList;
			buildConfigurations = (
				8F77EAD7290854F200BAB11A /* Debug */,
				8F77EAD8290854F200BAB11A /* Release */,
			);
			defaultConfigurationIsVisible = 0;
			defaultConfigurationName = Release;
		};
		8F77EAD9290854F200BAB11A /* Build configuration list for PBXNativeTarget "Utinho" */ = {
			isa = XCConfigurationList;
			buildConfigurations = (
				8F77EADA290854F200BAB11A /* Debug */,
				8F77EADB290854F200BAB11A /* Release */,
			);
			defaultConfigurationIsVisible = 0;
			defaultConfigurationName = Release;
		};
/* End XCConfigurationList section */
	};
	rootObject = 8F77EAC3290854F100BAB11A /* Project object */;
}
